
Microsoft Visual Studio Solution File, Format Version 11.00
# Visual Studio 2010
Project("{FAE04EC0-301F-11D3-BF4B-00C04F79EFBC}") = "DouDiZhuDemo", "Assembly-CSharp-firstpass.csproj", "{09CCB1E5-FC4D-E84B-C859-042BE4BFCE49}"
EndProject
Project("{FAE04EC0-301F-11D3-BF4B-00C04F79EFBC}") = "DouDiZhuDemo", "Assembly-CSharp.csproj", "{29A02711-17A0-157A-8663-177128E4A760}"
EndProject
Project("{FAE04EC0-301F-11D3-BF4B-00C04F79EFBC}") = "DouDiZhuDemo", "Assembly-CSharp-Editor.csproj", "{1F38F219-3757-0049-9A19-0B659633F553}"
EndProject
Global
	GlobalSection(SolutionConfigurationPlatforms) = preSolution
		Debug|Any CPU = Debug|Any CPU
		Release|Any CPU = Release|Any CPU
	EndGlobalSection
	GlobalSection(ProjectConfigurationPlatforms) = postSolution
		{09CCB1E5-FC4D-E84B-C859-042BE4BFCE49}.Debug|Any CPU.ActiveCfg = Debug|Any CPU
		{09CCB1E5-FC4D-E84B-C859-042BE4BFCE49}.Debug|Any CPU.Build.0 = Debug|Any CPU
		{09CCB1E5-FC4D-E84B-C859-042BE4BFCE49}.Release|Any CPU.ActiveCfg = Release|Any CPU
		{09CCB1E5-FC4D-E84B-C859-042BE4BFCE49}.Release|Any CPU.Build.0 = Release|Any CPU
		{29A02711-17A0-157A-8663-177128E4A760}.Debug|Any CPU.ActiveCfg = Debug|Any CPU
		{29A02711-17A0-157A-8663-177128E4A760}.Debug|Any CPU.Build.0 = Debug|Any CPU
		{29A02711-17A0-157A-8663-177128E4A760}.Release|Any CPU.ActiveCfg = Release|Any CPU
		{29A02711-17A0-157A-8663-177128E4A760}.Release|Any CPU.Build.0 = Release|Any CPU
		{1F38F219-3757-0049-9A19-0B659633F553}.Debug|Any CPU.ActiveCfg = Debug|Any CPU
		{1F38F219-3757-0049-9A19-0B659633F553}.Debug|Any CPU.Build.0 = Debug|Any CPU
		{1F38F219-3757-0049-9A19-0B659633F553}.Release|Any CPU.ActiveCfg = Release|Any CPU
		{1F38F219-3757-0049-9A19-0B659633F553}.Release|Any CPU.Build.0 = Release|Any CPU
	EndGlobalSection
	GlobalSection(SolutionProperties) = preSolution
		HideSolutionNode = FALSE
	EndGlobalSection
	GlobalSection(MonoDevelopProperties) = preSolution
		StartupItem = Assembly-CSharp.csproj
	EndGlobalSection
EndGlobal
